
Microsoft Visual Studio Solution File, Format Version 12.00
# Visual Studio 15
VisualStudioVersion = 15.0.28010.2048
MinimumVisualStudioVersion = 10.0.40219.1
Project("{FAE04EC0-301F-11D3-BF4B-00C04F79EFBC}") = "Angular7DemoServices", "Angular6DemoServices\Angular7DemoServices.csproj", "{24B2A7F6-5ABD-4A65-A774-526DE94A6046}"
EndProject
Global
	GlobalSection(SolutionConfigurationPlatforms) = preSolution
		Debug|Any CPU = Debug|Any CPU
		Release|Any CPU = Release|Any CPU
	EndGlobalSection
	GlobalSection(ProjectConfigurationPlatforms) = postSolution
		{24B2A7F6-5ABD-4A65-A774-526DE94A6046}.Debug|Any CPU.ActiveCfg = Debug|Any CPU
		{24B2A7F6-5ABD-4A65-A774-526DE94A6046}.Debug|Any CPU.Build.0 = Debug|Any CPU
		{24B2A7F6-5ABD-4A65-A774-526DE94A6046}.Release|Any CPU.ActiveCfg = Release|Any CPU
		{24B2A7F6-5ABD-4A65-A774-526DE94A6046}.Release|Any CPU.Build.0 = Release|Any CPU
	EndGlobalSection
	GlobalSection(SolutionProperties) = preSolution
		HideSolutionNode = FALSE
	EndGlobalSection
	GlobalSection(ExtensibilityGlobals) = postSolution
		SolutionGuid = {DE6515A5-F41C-4413-82F3-C8BA9E211B62}
	EndGlobalSection
EndGlobal
